
Microsoft Visual Studio Solution File, Format Version 12.00
# Visual Studio 15
VisualStudioVersion = 15.0.27130.2026
MinimumVisualStudioVersion = 10.0.40219.1
Project("{FAE04EC0-301F-11D3-BF4B-00C04F79EFBC}") = "01. Greeting", "01. Greeting\01. Greeting.csproj", "{224B3F3E-8422-4F1E-876F-5E781BB70F15}"
EndProject
Project("{FAE04EC0-301F-11D3-BF4B-00C04F79EFBC}") = "02. Add Two Numbers", "02. Add Two Numbers\02. Add Two Numbers.csproj", "{8F7B3FDC-1031-4D6A-9093-76C4D2DD1542}"
EndProject
Project("{FAE04EC0-301F-11D3-BF4B-00C04F79EFBC}") = "03. Employee Data", "03. Employee Data\03. Employee Data.csproj", "{2A4FB98D-9990-498A-B712-BD052CD5E0CF}"
EndProject
Global
	GlobalSection(SolutionConfigurationPlatforms) = preSolution
		Debug|Any CPU = Debug|Any CPU
		Release|Any CPU = Release|Any CPU
	EndGlobalSection
	GlobalSection(ProjectConfigurationPlatforms) = postSolution
		{224B3F3E-8422-4F1E-876F-5E781BB70F15}.Debug|Any CPU.ActiveCfg = Debug|Any CPU
		{224B3F3E-8422-4F1E-876F-5E781BB70F15}.Debug|Any CPU.Build.0 = Debug|Any CPU
		{224B3F3E-8422-4F1E-876F-5E781BB70F15}.Release|Any CPU.ActiveCfg = Release|Any CPU
		{224B3F3E-8422-4F1E-876F-5E781BB70F15}.Release|Any CPU.Build.0 = Release|Any CPU
		{8F7B3FDC-1031-4D6A-9093-76C4D2DD1542}.Debug|Any CPU.ActiveCfg = Debug|Any CPU
		{8F7B3FDC-1031-4D6A-9093-76C4D2DD1542}.Debug|Any CPU.Build.0 = Debug|Any CPU
		{8F7B3FDC-1031-4D6A-9093-76C4D2DD1542}.Release|Any CPU.ActiveCfg = Release|Any CPU
		{8F7B3FDC-1031-4D6A-9093-76C4D2DD1542}.Release|Any CPU.Build.0 = Release|Any CPU
		{2A4FB98D-9990-498A-B712-BD052CD5E0CF}.Debug|Any CPU.ActiveCfg = Debug|Any CPU
		{2A4FB98D-9990-498A-B712-BD052CD5E0CF}.Debug|Any CPU.Build.0 = Debug|Any CPU
		{2A4FB98D-9990-498A-B712-BD052CD5E0CF}.Release|Any CPU.ActiveCfg = Release|Any CPU
		{2A4FB98D-9990-498A-B712-BD052CD5E0CF}.Release|Any CPU.Build.0 = Release|Any CPU
	EndGlobalSection
	GlobalSection(SolutionProperties) = preSolution
		HideSolutionNode = FALSE
	EndGlobalSection
	GlobalSection(ExtensibilityGlobals) = postSolution
		SolutionGuid = {27A15864-698A-4A36-BD34-80BD6893466B}
	EndGlobalSection
EndGlobal
