
Microsoft Visual Studio Solution File, Format Version 12.00
# Visual Studio 15
VisualStudioVersion = 15.0.27703.2035
MinimumVisualStudioVersion = 10.0.40219.1
Project("{FAE04EC0-301F-11D3-BF4B-00C04F79EFBC}") = "01. Charity Marathon", "01. Charity Marathon\01. Charity Marathon.csproj", "{A3E500EE-3D29-4F80-91B7-2520845A608A}"
EndProject
Project("{FAE04EC0-301F-11D3-BF4B-00C04F79EFBC}") = "02. Ladybugs", "02. Ladybugs\02. Ladybugs.csproj", "{7BD453A0-0FF3-424E-A6CC-1F64914544FB}"
EndProject
Project("{FAE04EC0-301F-11D3-BF4B-00C04F79EFBC}") = "03. Nether Realms", "03. Nether Realms\03. Nether Realms.csproj", "{CB91AE4B-6DC1-455F-9D2E-F82C1102DFCA}"
EndProject
Project("{FAE04EC0-301F-11D3-BF4B-00C04F79EFBC}") = "04. Roli The Coder", "04. Roli The Coder\04. Roli The Coder.csproj", "{F044AE26-3F40-48CD-AB4F-54156EE6C4B9}"
EndProject
Global
	GlobalSection(SolutionConfigurationPlatforms) = preSolution
		Debug|Any CPU = Debug|Any CPU
		Release|Any CPU = Release|Any CPU
	EndGlobalSection
	GlobalSection(ProjectConfigurationPlatforms) = postSolution
		{A3E500EE-3D29-4F80-91B7-2520845A608A}.Debug|Any CPU.ActiveCfg = Debug|Any CPU
		{A3E500EE-3D29-4F80-91B7-2520845A608A}.Debug|Any CPU.Build.0 = Debug|Any CPU
		{A3E500EE-3D29-4F80-91B7-2520845A608A}.Release|Any CPU.ActiveCfg = Release|Any CPU
		{A3E500EE-3D29-4F80-91B7-2520845A608A}.Release|Any CPU.Build.0 = Release|Any CPU
		{7BD453A0-0FF3-424E-A6CC-1F64914544FB}.Debug|Any CPU.ActiveCfg = Debug|Any CPU
		{7BD453A0-0FF3-424E-A6CC-1F64914544FB}.Debug|Any CPU.Build.0 = Debug|Any CPU
		{7BD453A0-0FF3-424E-A6CC-1F64914544FB}.Release|Any CPU.ActiveCfg = Release|Any CPU
		{7BD453A0-0FF3-424E-A6CC-1F64914544FB}.Release|Any CPU.Build.0 = Release|Any CPU
		{CB91AE4B-6DC1-455F-9D2E-F82C1102DFCA}.Debug|Any CPU.ActiveCfg = Debug|Any CPU
		{CB91AE4B-6DC1-455F-9D2E-F82C1102DFCA}.Debug|Any CPU.Build.0 = Debug|Any CPU
		{CB91AE4B-6DC1-455F-9D2E-F82C1102DFCA}.Release|Any CPU.ActiveCfg = Release|Any CPU
		{CB91AE4B-6DC1-455F-9D2E-F82C1102DFCA}.Release|Any CPU.Build.0 = Release|Any CPU
		{F044AE26-3F40-48CD-AB4F-54156EE6C4B9}.Debug|Any CPU.ActiveCfg = Debug|Any CPU
		{F044AE26-3F40-48CD-AB4F-54156EE6C4B9}.Debug|Any CPU.Build.0 = Debug|Any CPU
		{F044AE26-3F40-48CD-AB4F-54156EE6C4B9}.Release|Any CPU.ActiveCfg = Release|Any CPU
		{F044AE26-3F40-48CD-AB4F-54156EE6C4B9}.Release|Any CPU.Build.0 = Release|Any CPU
	EndGlobalSection
	GlobalSection(SolutionProperties) = preSolution
		HideSolutionNode = FALSE
	EndGlobalSection
	GlobalSection(ExtensibilityGlobals) = postSolution
		SolutionGuid = {7E7616B2-D2EE-4612-BC1F-9CE36D15E61B}
	EndGlobalSection
EndGlobal
