
Microsoft Visual Studio Solution File, Format Version 12.00
# Visual Studio 15
VisualStudioVersion = 15.0.27130.2026
MinimumVisualStudioVersion = 10.0.40219.1
Project("{9A19103F-16F7-4668-BE54-9A1E7A4F7556}") = "01.Problem", "01.Problem\01.Problem.csproj", "{C87A6578-39D5-4AE4-8C93-084DFFA41D4A}"
EndProject
Project("{9A19103F-16F7-4668-BE54-9A1E7A4F7556}") = "02.Problem2", "02.Problem2\02.Problem2.csproj", "{ECF00D35-02FF-4EE9-87F0-93EEF2B1C9EF}"
EndProject
Project("{9A19103F-16F7-4668-BE54-9A1E7A4F7556}") = "03.Problem", "03.Problem\03.Problem.csproj", "{6EA65221-3FBA-457A-9F34-7A27E43A88B0}"
EndProject
Project("{9A19103F-16F7-4668-BE54-9A1E7A4F7556}") = "04.Problem", "04.Problem\04.Problem.csproj", "{94F70B89-B8AE-4CE5-B0A4-9075EC6F53B9}"
EndProject
Project("{9A19103F-16F7-4668-BE54-9A1E7A4F7556}") = "05.Problem", "05.Problem\05.Problem.csproj", "{C6AB5F9F-3A28-4D58-88C9-58244A4E00E6}"
EndProject
Project("{9A19103F-16F7-4668-BE54-9A1E7A4F7556}") = "06.Problem", "06.Problem\06.Problem.csproj", "{5BF24734-64F6-497A-89A7-CF5B778B8DE2}"
EndProject
Project("{9A19103F-16F7-4668-BE54-9A1E7A4F7556}") = "07.Problem", "07.Problem\07.Problem.csproj", "{810118F6-7FE6-4522-B4D3-4E47DDC6D00B}"
EndProject
Project("{9A19103F-16F7-4668-BE54-9A1E7A4F7556}") = "08.Problem", "08.Problem\08.Problem.csproj", "{3040A005-9A3D-49F7-B633-78C156155C38}"
EndProject
Project("{FAE04EC0-301F-11D3-BF4B-00C04F79EFBC}") = "09.Problem", "09.Problem\09.Problem.csproj", "{E080022B-1833-4DEC-847C-71E7B4671BF1}"
EndProject
Global
	GlobalSection(SolutionConfigurationPlatforms) = preSolution
		Debug|Any CPU = Debug|Any CPU
		Debug|ARM = Debug|ARM
		Debug|x64 = Debug|x64
		Debug|x86 = Debug|x86
		Release|Any CPU = Release|Any CPU
		Release|ARM = Release|ARM
		Release|x64 = Release|x64
		Release|x86 = Release|x86
	EndGlobalSection
	GlobalSection(ProjectConfigurationPlatforms) = postSolution
		{C87A6578-39D5-4AE4-8C93-084DFFA41D4A}.Debug|Any CPU.ActiveCfg = Debug|Any CPU
		{C87A6578-39D5-4AE4-8C93-084DFFA41D4A}.Debug|Any CPU.Build.0 = Debug|Any CPU
		{C87A6578-39D5-4AE4-8C93-084DFFA41D4A}.Debug|ARM.ActiveCfg = Debug|Any CPU
		{C87A6578-39D5-4AE4-8C93-084DFFA41D4A}.Debug|ARM.Build.0 = Debug|Any CPU
		{C87A6578-39D5-4AE4-8C93-084DFFA41D4A}.Debug|x64.ActiveCfg = Debug|Any CPU
		{C87A6578-39D5-4AE4-8C93-084DFFA41D4A}.Debug|x64.Build.0 = Debug|Any CPU
		{C87A6578-39D5-4AE4-8C93-084DFFA41D4A}.Debug|x86.ActiveCfg = Debug|Any CPU
		{C87A6578-39D5-4AE4-8C93-084DFFA41D4A}.Debug|x86.Build.0 = Debug|Any CPU
		{C87A6578-39D5-4AE4-8C93-084DFFA41D4A}.Release|Any CPU.ActiveCfg = Release|Any CPU
		{C87A6578-39D5-4AE4-8C93-084DFFA41D4A}.Release|Any CPU.Build.0 = Release|Any CPU
		{C87A6578-39D5-4AE4-8C93-084DFFA41D4A}.Release|ARM.ActiveCfg = Release|Any CPU
		{C87A6578-39D5-4AE4-8C93-084DFFA41D4A}.Release|ARM.Build.0 = Release|Any CPU
		{C87A6578-39D5-4AE4-8C93-084DFFA41D4A}.Release|x64.ActiveCfg = Release|Any CPU
		{C87A6578-39D5-4AE4-8C93-084DFFA41D4A}.Release|x64.Build.0 = Release|Any CPU
		{C87A6578-39D5-4AE4-8C93-084DFFA41D4A}.Release|x86.ActiveCfg = Release|Any CPU
		{C87A6578-39D5-4AE4-8C93-084DFFA41D4A}.Release|x86.Build.0 = Release|Any CPU
		{ECF00D35-02FF-4EE9-87F0-93EEF2B1C9EF}.Debug|Any CPU.ActiveCfg = Debug|Any CPU
		{ECF00D35-02FF-4EE9-87F0-93EEF2B1C9EF}.Debug|Any CPU.Build.0 = Debug|Any CPU
		{ECF00D35-02FF-4EE9-87F0-93EEF2B1C9EF}.Debug|ARM.ActiveCfg = Debug|Any CPU
		{ECF00D35-02FF-4EE9-87F0-93EEF2B1C9EF}.Debug|ARM.Build.0 = Debug|Any CPU
		{ECF00D35-02FF-4EE9-87F0-93EEF2B1C9EF}.Debug|x64.ActiveCfg = Debug|Any CPU
		{ECF00D35-02FF-4EE9-87F0-93EEF2B1C9EF}.Debug|x64.Build.0 = Debug|Any CPU
		{ECF00D35-02FF-4EE9-87F0-93EEF2B1C9EF}.Debug|x86.ActiveCfg = Debug|Any CPU
		{ECF00D35-02FF-4EE9-87F0-93EEF2B1C9EF}.Debug|x86.Build.0 = Debug|Any CPU
		{ECF00D35-02FF-4EE9-87F0-93EEF2B1C9EF}.Release|Any CPU.ActiveCfg = Release|Any CPU
		{ECF00D35-02FF-4EE9-87F0-93EEF2B1C9EF}.Release|Any CPU.Build.0 = Release|Any CPU
		{ECF00D35-02FF-4EE9-87F0-93EEF2B1C9EF}.Release|ARM.ActiveCfg = Release|Any CPU
		{ECF00D35-02FF-4EE9-87F0-93EEF2B1C9EF}.Release|ARM.Build.0 = Release|Any CPU
		{ECF00D35-02FF-4EE9-87F0-93EEF2B1C9EF}.Release|x64.ActiveCfg = Release|Any CPU
		{ECF00D35-02FF-4EE9-87F0-93EEF2B1C9EF}.Release|x64.Build.0 = Release|Any CPU
		{ECF00D35-02FF-4EE9-87F0-93EEF2B1C9EF}.Release|x86.ActiveCfg = Release|Any CPU
		{ECF00D35-02FF-4EE9-87F0-93EEF2B1C9EF}.Release|x86.Build.0 = Release|Any CPU
		{6EA65221-3FBA-457A-9F34-7A27E43A88B0}.Debug|Any CPU.ActiveCfg = Debug|Any CPU
		{6EA65221-3FBA-457A-9F34-7A27E43A88B0}.Debug|Any CPU.Build.0 = Debug|Any CPU
		{6EA65221-3FBA-457A-9F34-7A27E43A88B0}.Debug|ARM.ActiveCfg = Debug|Any CPU
		{6EA65221-3FBA-457A-9F34-7A27E43A88B0}.Debug|ARM.Build.0 = Debug|Any CPU
		{6EA65221-3FBA-457A-9F34-7A27E43A88B0}.Debug|x64.ActiveCfg = Debug|Any CPU
		{6EA65221-3FBA-457A-9F34-7A27E43A88B0}.Debug|x64.Build.0 = Debug|Any CPU
		{6EA65221-3FBA-457A-9F34-7A27E43A88B0}.Debug|x86.ActiveCfg = Debug|Any CPU
		{6EA65221-3FBA-457A-9F34-7A27E43A88B0}.Debug|x86.Build.0 = Debug|Any CPU
		{6EA65221-3FBA-457A-9F34-7A27E43A88B0}.Release|Any CPU.ActiveCfg = Release|Any CPU
		{6EA65221-3FBA-457A-9F34-7A27E43A88B0}.Release|Any CPU.Build.0 = Release|Any CPU
		{6EA65221-3FBA-457A-9F34-7A27E43A88B0}.Release|ARM.ActiveCfg = Release|Any CPU
		{6EA65221-3FBA-457A-9F34-7A27E43A88B0}.Release|ARM.Build.0 = Release|Any CPU
		{6EA65221-3FBA-457A-9F34-7A27E43A88B0}.Release|x64.ActiveCfg = Release|Any CPU
		{6EA65221-3FBA-457A-9F34-7A27E43A88B0}.Release|x64.Build.0 = Release|Any CPU
		{6EA65221-3FBA-457A-9F34-7A27E43A88B0}.Release|x86.ActiveCfg = Release|Any CPU
		{6EA65221-3FBA-457A-9F34-7A27E43A88B0}.Release|x86.Build.0 = Release|Any CPU
		{94F70B89-B8AE-4CE5-B0A4-9075EC6F53B9}.Debug|Any CPU.ActiveCfg = Debug|Any CPU
		{94F70B89-B8AE-4CE5-B0A4-9075EC6F53B9}.Debug|Any CPU.Build.0 = Debug|Any CPU
		{94F70B89-B8AE-4CE5-B0A4-9075EC6F53B9}.Debug|ARM.ActiveCfg = Debug|Any CPU
		{94F70B89-B8AE-4CE5-B0A4-9075EC6F53B9}.Debug|ARM.Build.0 = Debug|Any CPU
		{94F70B89-B8AE-4CE5-B0A4-9075EC6F53B9}.Debug|x64.ActiveCfg = Debug|Any CPU
		{94F70B89-B8AE-4CE5-B0A4-9075EC6F53B9}.Debug|x64.Build.0 = Debug|Any CPU
		{94F70B89-B8AE-4CE5-B0A4-9075EC6F53B9}.Debug|x86.ActiveCfg = Debug|Any CPU
		{94F70B89-B8AE-4CE5-B0A4-9075EC6F53B9}.Debug|x86.Build.0 = Debug|Any CPU
		{94F70B89-B8AE-4CE5-B0A4-9075EC6F53B9}.Release|Any CPU.ActiveCfg = Release|Any CPU
		{94F70B89-B8AE-4CE5-B0A4-9075EC6F53B9}.Release|Any CPU.Build.0 = Release|Any CPU
		{94F70B89-B8AE-4CE5-B0A4-9075EC6F53B9}.Release|ARM.ActiveCfg = Release|Any CPU
		{94F70B89-B8AE-4CE5-B0A4-9075EC6F53B9}.Release|ARM.Build.0 = Release|Any CPU
		{94F70B89-B8AE-4CE5-B0A4-9075EC6F53B9}.Release|x64.ActiveCfg = Release|Any CPU
		{94F70B89-B8AE-4CE5-B0A4-9075EC6F53B9}.Release|x64.Build.0 = Release|Any CPU
		{94F70B89-B8AE-4CE5-B0A4-9075EC6F53B9}.Release|x86.ActiveCfg = Release|Any CPU
		{94F70B89-B8AE-4CE5-B0A4-9075EC6F53B9}.Release|x86.Build.0 = Release|Any CPU
		{C6AB5F9F-3A28-4D58-88C9-58244A4E00E6}.Debug|Any CPU.ActiveCfg = Debug|Any CPU
		{C6AB5F9F-3A28-4D58-88C9-58244A4E00E6}.Debug|Any CPU.Build.0 = Debug|Any CPU
		{C6AB5F9F-3A28-4D58-88C9-58244A4E00E6}.Debug|ARM.ActiveCfg = Debug|Any CPU
		{C6AB5F9F-3A28-4D58-88C9-58244A4E00E6}.Debug|ARM.Build.0 = Debug|Any CPU
		{C6AB5F9F-3A28-4D58-88C9-58244A4E00E6}.Debug|x64.ActiveCfg = Debug|Any CPU
		{C6AB5F9F-3A28-4D58-88C9-58244A4E00E6}.Debug|x64.Build.0 = Debug|Any CPU
		{C6AB5F9F-3A28-4D58-88C9-58244A4E00E6}.Debug|x86.ActiveCfg = Debug|Any CPU
		{C6AB5F9F-3A28-4D58-88C9-58244A4E00E6}.Debug|x86.Build.0 = Debug|Any CPU
		{C6AB5F9F-3A28-4D58-88C9-58244A4E00E6}.Release|Any CPU.ActiveCfg = Release|Any CPU
		{C6AB5F9F-3A28-4D58-88C9-58244A4E00E6}.Release|Any CPU.Build.0 = Release|Any CPU
		{C6AB5F9F-3A28-4D58-88C9-58244A4E00E6}.Release|ARM.ActiveCfg = Release|Any CPU
		{C6AB5F9F-3A28-4D58-88C9-58244A4E00E6}.Release|ARM.Build.0 = Release|Any CPU
		{C6AB5F9F-3A28-4D58-88C9-58244A4E00E6}.Release|x64.ActiveCfg = Release|Any CPU
		{C6AB5F9F-3A28-4D58-88C9-58244A4E00E6}.Release|x64.Build.0 = Release|Any CPU
		{C6AB5F9F-3A28-4D58-88C9-58244A4E00E6}.Release|x86.ActiveCfg = Release|Any CPU
		{C6AB5F9F-3A28-4D58-88C9-58244A4E00E6}.Release|x86.Build.0 = Release|Any CPU
		{5BF24734-64F6-497A-89A7-CF5B778B8DE2}.Debug|Any CPU.ActiveCfg = Debug|Any CPU
		{5BF24734-64F6-497A-89A7-CF5B778B8DE2}.Debug|Any CPU.Build.0 = Debug|Any CPU
		{5BF24734-64F6-497A-89A7-CF5B778B8DE2}.Debug|ARM.ActiveCfg = Debug|Any CPU
		{5BF24734-64F6-497A-89A7-CF5B778B8DE2}.Debug|ARM.Build.0 = Debug|Any CPU
		{5BF24734-64F6-497A-89A7-CF5B778B8DE2}.Debug|x64.ActiveCfg = Debug|Any CPU
		{5BF24734-64F6-497A-89A7-CF5B778B8DE2}.Debug|x64.Build.0 = Debug|Any CPU
		{5BF24734-64F6-497A-89A7-CF5B778B8DE2}.Debug|x86.ActiveCfg = Debug|Any CPU
		{5BF24734-64F6-497A-89A7-CF5B778B8DE2}.Debug|x86.Build.0 = Debug|Any CPU
		{5BF24734-64F6-497A-89A7-CF5B778B8DE2}.Release|Any CPU.ActiveCfg = Release|Any CPU
		{5BF24734-64F6-497A-89A7-CF5B778B8DE2}.Release|Any CPU.Build.0 = Release|Any CPU
		{5BF24734-64F6-497A-89A7-CF5B778B8DE2}.Release|ARM.ActiveCfg = Release|Any CPU
		{5BF24734-64F6-497A-89A7-CF5B778B8DE2}.Release|ARM.Build.0 = Release|Any CPU
		{5BF24734-64F6-497A-89A7-CF5B778B8DE2}.Release|x64.ActiveCfg = Release|Any CPU
		{5BF24734-64F6-497A-89A7-CF5B778B8DE2}.Release|x64.Build.0 = Release|Any CPU
		{5BF24734-64F6-497A-89A7-CF5B778B8DE2}.Release|x86.ActiveCfg = Release|Any CPU
		{5BF24734-64F6-497A-89A7-CF5B778B8DE2}.Release|x86.Build.0 = Release|Any CPU
		{810118F6-7FE6-4522-B4D3-4E47DDC6D00B}.Debug|Any CPU.ActiveCfg = Debug|Any CPU
		{810118F6-7FE6-4522-B4D3-4E47DDC6D00B}.Debug|Any CPU.Build.0 = Debug|Any CPU
		{810118F6-7FE6-4522-B4D3-4E47DDC6D00B}.Debug|ARM.ActiveCfg = Debug|Any CPU
		{810118F6-7FE6-4522-B4D3-4E47DDC6D00B}.Debug|ARM.Build.0 = Debug|Any CPU
		{810118F6-7FE6-4522-B4D3-4E47DDC6D00B}.Debug|x64.ActiveCfg = Debug|Any CPU
		{810118F6-7FE6-4522-B4D3-4E47DDC6D00B}.Debug|x64.Build.0 = Debug|Any CPU
		{810118F6-7FE6-4522-B4D3-4E47DDC6D00B}.Debug|x86.ActiveCfg = Debug|Any CPU
		{810118F6-7FE6-4522-B4D3-4E47DDC6D00B}.Debug|x86.Build.0 = Debug|Any CPU
		{810118F6-7FE6-4522-B4D3-4E47DDC6D00B}.Release|Any CPU.ActiveCfg = Release|Any CPU
		{810118F6-7FE6-4522-B4D3-4E47DDC6D00B}.Release|Any CPU.Build.0 = Release|Any CPU
		{810118F6-7FE6-4522-B4D3-4E47DDC6D00B}.Release|ARM.ActiveCfg = Release|Any CPU
		{810118F6-7FE6-4522-B4D3-4E47DDC6D00B}.Release|ARM.Build.0 = Release|Any CPU
		{810118F6-7FE6-4522-B4D3-4E47DDC6D00B}.Release|x64.ActiveCfg = Release|Any CPU
		{810118F6-7FE6-4522-B4D3-4E47DDC6D00B}.Release|x64.Build.0 = Release|Any CPU
		{810118F6-7FE6-4522-B4D3-4E47DDC6D00B}.Release|x86.ActiveCfg = Release|Any CPU
		{810118F6-7FE6-4522-B4D3-4E47DDC6D00B}.Release|x86.Build.0 = Release|Any CPU
		{3040A005-9A3D-49F7-B633-78C156155C38}.Debug|Any CPU.ActiveCfg = Debug|Any CPU
		{3040A005-9A3D-49F7-B633-78C156155C38}.Debug|Any CPU.Build.0 = Debug|Any CPU
		{3040A005-9A3D-49F7-B633-78C156155C38}.Debug|ARM.ActiveCfg = Debug|Any CPU
		{3040A005-9A3D-49F7-B633-78C156155C38}.Debug|ARM.Build.0 = Debug|Any CPU
		{3040A005-9A3D-49F7-B633-78C156155C38}.Debug|x64.ActiveCfg = Debug|Any CPU
		{3040A005-9A3D-49F7-B633-78C156155C38}.Debug|x64.Build.0 = Debug|Any CPU
		{3040A005-9A3D-49F7-B633-78C156155C38}.Debug|x86.ActiveCfg = Debug|Any CPU
		{3040A005-9A3D-49F7-B633-78C156155C38}.Debug|x86.Build.0 = Debug|Any CPU
		{3040A005-9A3D-49F7-B633-78C156155C38}.Release|Any CPU.ActiveCfg = Release|Any CPU
		{3040A005-9A3D-49F7-B633-78C156155C38}.Release|Any CPU.Build.0 = Release|Any CPU
		{3040A005-9A3D-49F7-B633-78C156155C38}.Release|ARM.ActiveCfg = Release|Any CPU
		{3040A005-9A3D-49F7-B633-78C156155C38}.Release|ARM.Build.0 = Release|Any CPU
		{3040A005-9A3D-49F7-B633-78C156155C38}.Release|x64.ActiveCfg = Release|Any CPU
		{3040A005-9A3D-49F7-B633-78C156155C38}.Release|x64.Build.0 = Release|Any CPU
		{3040A005-9A3D-49F7-B633-78C156155C38}.Release|x86.ActiveCfg = Release|Any CPU
		{3040A005-9A3D-49F7-B633-78C156155C38}.Release|x86.Build.0 = Release|Any CPU
		{E080022B-1833-4DEC-847C-71E7B4671BF1}.Debug|Any CPU.ActiveCfg = Debug|Any CPU
		{E080022B-1833-4DEC-847C-71E7B4671BF1}.Debug|Any CPU.Build.0 = Debug|Any CPU
		{E080022B-1833-4DEC-847C-71E7B4671BF1}.Debug|ARM.ActiveCfg = Debug|Any CPU
		{E080022B-1833-4DEC-847C-71E7B4671BF1}.Debug|ARM.Build.0 = Debug|Any CPU
		{E080022B-1833-4DEC-847C-71E7B4671BF1}.Debug|x64.ActiveCfg = Debug|Any CPU
		{E080022B-1833-4DEC-847C-71E7B4671BF1}.Debug|x64.Build.0 = Debug|Any CPU
		{E080022B-1833-4DEC-847C-71E7B4671BF1}.Debug|x86.ActiveCfg = Debug|Any CPU
		{E080022B-1833-4DEC-847C-71E7B4671BF1}.Debug|x86.Build.0 = Debug|Any CPU
		{E080022B-1833-4DEC-847C-71E7B4671BF1}.Release|Any CPU.ActiveCfg = Release|Any CPU
		{E080022B-1833-4DEC-847C-71E7B4671BF1}.Release|Any CPU.Build.0 = Release|Any CPU
		{E080022B-1833-4DEC-847C-71E7B4671BF1}.Release|ARM.ActiveCfg = Release|Any CPU
		{E080022B-1833-4DEC-847C-71E7B4671BF1}.Release|ARM.Build.0 = Release|Any CPU
		{E080022B-1833-4DEC-847C-71E7B4671BF1}.Release|x64.ActiveCfg = Release|Any CPU
		{E080022B-1833-4DEC-847C-71E7B4671BF1}.Release|x64.Build.0 = Release|Any CPU
		{E080022B-1833-4DEC-847C-71E7B4671BF1}.Release|x86.ActiveCfg = Release|Any CPU
		{E080022B-1833-4DEC-847C-71E7B4671BF1}.Release|x86.Build.0 = Release|Any CPU
	EndGlobalSection
	GlobalSection(SolutionProperties) = preSolution
		HideSolutionNode = FALSE
	EndGlobalSection
	GlobalSection(ExtensibilityGlobals) = postSolution
		SolutionGuid = {CD464F4D-0E5E-4983-A2D0-7CF06D605832}
	EndGlobalSection
EndGlobal
